
Microsoft Visual Studio Solution File, Format Version 12.00
# Visual Studio Version 16
VisualStudioVersion = 16.0.28922.388
MinimumVisualStudioVersion = 10.0.40219.1
Project("{FAE04EC0-301F-11D3-BF4B-00C04F79EFBC}") = "QuickBuy.Dominio", "QuickBuy.Dominio\QuickBuy.Dominio.csproj", "{DCE2D99E-85DE-42DD-AB3E-A14B19B37C1C}"
EndProject
Project("{FAE04EC0-301F-11D3-BF4B-00C04F79EFBC}") = "QuickBuy.Repositorio", "QuickBuy.Repositorio\QuickBuy.Repositorio.csproj", "{C78A2E80-203A-4430-8D16-BBF9195DF36C}"
EndProject
Project("{FAE04EC0-301F-11D3-BF4B-00C04F79EFBC}") = "QuickBuy.Web", "QuickBuy.Web\QuickBuy.Web.csproj", "{C3DAC613-F0F5-41AC-BF5B-F0425EF92639}"
EndProject
Global
	GlobalSection(SolutionConfigurationPlatforms) = preSolution
		Debug|Any CPU = Debug|Any CPU
		Release|Any CPU = Release|Any CPU
	EndGlobalSection
	GlobalSection(ProjectConfigurationPlatforms) = postSolution
		{DCE2D99E-85DE-42DD-AB3E-A14B19B37C1C}.Debug|Any CPU.ActiveCfg = Debug|Any CPU
		{DCE2D99E-85DE-42DD-AB3E-A14B19B37C1C}.Debug|Any CPU.Build.0 = Debug|Any CPU
		{DCE2D99E-85DE-42DD-AB3E-A14B19B37C1C}.Release|Any CPU.ActiveCfg = Release|Any CPU
		{DCE2D99E-85DE-42DD-AB3E-A14B19B37C1C}.Release|Any CPU.Build.0 = Release|Any CPU
		{C78A2E80-203A-4430-8D16-BBF9195DF36C}.Debug|Any CPU.ActiveCfg = Debug|Any CPU
		{C78A2E80-203A-4430-8D16-BBF9195DF36C}.Debug|Any CPU.Build.0 = Debug|Any CPU
		{C78A2E80-203A-4430-8D16-BBF9195DF36C}.Release|Any CPU.ActiveCfg = Release|Any CPU
		{C78A2E80-203A-4430-8D16-BBF9195DF36C}.Release|Any CPU.Build.0 = Release|Any CPU
		{C3DAC613-F0F5-41AC-BF5B-F0425EF92639}.Debug|Any CPU.ActiveCfg = Debug|Any CPU
		{C3DAC613-F0F5-41AC-BF5B-F0425EF92639}.Debug|Any CPU.Build.0 = Debug|Any CPU
		{C3DAC613-F0F5-41AC-BF5B-F0425EF92639}.Release|Any CPU.ActiveCfg = Release|Any CPU
		{C3DAC613-F0F5-41AC-BF5B-F0425EF92639}.Release|Any CPU.Build.0 = Release|Any CPU
	EndGlobalSection
	GlobalSection(SolutionProperties) = preSolution
		HideSolutionNode = FALSE
	EndGlobalSection
	GlobalSection(ExtensibilityGlobals) = postSolution
		SolutionGuid = {E0D3D929-5E22-49D5-B04B-20345D54BA3B}
	EndGlobalSection
EndGlobal
